
Microsoft Visual Studio Solution File, Format Version 12.00
# Visual Studio Version 17
VisualStudioVersion = 17.12.35527.113
MinimumVisualStudioVersion = 10.0.40219.1
Project("{FAE04EC0-301F-11D3-BF4B-00C04F79EFBC}") = "PROJ_1Mars_Koscher_Jouhier", "PROJ_1Mars_Koscher_Jouhier\PROJ_1Mars_Koscher_Jouhier.csproj", "{06218A7B-EA8C-412F-946B-A519CEDD63E1}"
EndProject
Project("{FAE04EC0-301F-11D3-BF4B-00C04F79EFBC}") = "PROJ_1Mars_Koscher_Jouhier_TestU", "PROJ_1Mars_Koscher_Jouhier_TestU\PROJ_1Mars_Koscher_Jouhier_TestU.csproj", "{29FE0276-8298-40D4-AD31-4E71CEDDB5C7}"
EndProject
Global
	GlobalSection(SolutionConfigurationPlatforms) = preSolution
		Debug|Any CPU = Debug|Any CPU
		Release|Any CPU = Release|Any CPU
	EndGlobalSection
	GlobalSection(ProjectConfigurationPlatforms) = postSolution
		{06218A7B-EA8C-412F-946B-A519CEDD63E1}.Debug|Any CPU.ActiveCfg = Debug|Any CPU
		{06218A7B-EA8C-412F-946B-A519CEDD63E1}.Debug|Any CPU.Build.0 = Debug|Any CPU
		{06218A7B-EA8C-412F-946B-A519CEDD63E1}.Release|Any CPU.ActiveCfg = Release|Any CPU
		{06218A7B-EA8C-412F-946B-A519CEDD63E1}.Release|Any CPU.Build.0 = Release|Any CPU
		{29FE0276-8298-40D4-AD31-4E71CEDDB5C7}.Debug|Any CPU.ActiveCfg = Debug|Any CPU
		{29FE0276-8298-40D4-AD31-4E71CEDDB5C7}.Debug|Any CPU.Build.0 = Debug|Any CPU
		{29FE0276-8298-40D4-AD31-4E71CEDDB5C7}.Release|Any CPU.ActiveCfg = Release|Any CPU
		{29FE0276-8298-40D4-AD31-4E71CEDDB5C7}.Release|Any CPU.Build.0 = Release|Any CPU
	EndGlobalSection
	GlobalSection(SolutionProperties) = preSolution
		HideSolutionNode = FALSE
	EndGlobalSection
	GlobalSection(ExtensibilityGlobals) = postSolution
		SolutionGuid = {F5A9245E-C702-431B-9F6A-AE47DE937D23}
	EndGlobalSection
EndGlobal
